{
  "version": 2,
  "dependencies": {
    "net10.0": {
      "coverlet.collector": {
        "type": "Direct",
        "requested": "[6.0.4, )",
        "resolved": "6.0.4",
        "contentHash": "lkhqpF8Pu2Y7IiN7OntbsTtdbpR1syMsm2F3IgX6ootA4ffRqWL5jF7XipHuZQTdVuWG/gVAAcf8mjk8Tz0xPg=="
      },
      "Microsoft.NET.Test.Sdk": {
        "type": "Direct",
        "requested": "[17.14.1, )",
        "resolved": "17.14.1",
        "contentHash": "HJKqKOE+vshXra2aEHpi2TlxYX7Z9VFYkr+E5rwEvHC8eIXiyO+K9kNm8vmNom3e2rA56WqxU+/N9NJlLGXsJQ==",
        "dependencies": {
          "Microsoft.CodeCoverage": "17.14.1",
          "Microsoft.TestPlatform.TestHost": "17.14.1"
        }
      },
      "xunit": {
        "type": "Direct",
        "requested": "[2.9.3, )",
        "resolved": "2.9.3",
        "contentHash": "TlXQBinK35LpOPKHAqbLY4xlEen9TBafjs0V5KnA4wZsoQLQJiirCR4CbIXvOH8NzkW4YeJKP5P/Bnrodm0h9Q==",
        "dependencies": {
          "xunit.analyzers": "1.18.0",
          "xunit.assert": "2.9.3",
          "xunit.core": "[2.9.3]"
        }
      },
      "xunit.runner.visualstudio": {
        "type": "Direct",
        "requested": "[3.1.4, )",
        "resolved": "3.1.4",
        "contentHash": "5mj99LvCqrq3CNi06xYdyIAXOEh+5b33F2nErCzI5zWiDdLHXiPXEWFSUAF8zlIv0ZWqjZNCwHTQeAPYbF3pCg=="
      },
      "Microsoft.Bcl.Cryptography": {
        "type": "Transitive",
        "resolved": "9.0.18",
        "contentHash": "42XcqOGj0jTNW6FphUEuhNLCdVQsYbYCf2pPlkWdz1uDyxxirpcxyjg7pWIBgPCjzk6rv/irgLya/2tDJKIpYg=="
      },
      "Microsoft.CodeCoverage": {
        "type": "Transitive",
        "resolved": "17.14.1",
        "contentHash": "pmTrhfFIoplzFVbhVwUquT+77CbGH+h4/3mBpdmIlYtBi9nAB+kKI6dN3A/nV4DFi3wLLx/BlHIPK+MkbQ6Tpg=="
      },
      "Microsoft.Data.SqlClient.Extensions.Abstractions": {
        "type": "Transitive",
        "resolved": "7.1.0",
        "contentHash": "8xqe8rxLEJealAw21Rh/w+Kis4TtgAZQ+e7HrTkG/gOeiy3CbCtcMXJr3P5H9txhUQNNxkoR9qy1FIk5T85FSg==",
        "dependencies": {
          "Microsoft.Data.SqlClient.Internal.Logging": "[7.1.0, 8.0.0)"
        }
      },
      "Microsoft.Data.SqlClient.Internal.Logging": {
        "type": "Transitive",
        "resolved": "7.1.0",
        "contentHash": "z+uzJ+/xqZlYSlv0slMhiHd3TRZr20ijZmjUG2qOaNjKzMMO5cx8itHQ0s/YguqMq/8BMlXZe5n6XSgswe+73g=="
      },
      "Microsoft.Data.SqlClient.SNI.runtime": {
        "type": "Transitive",
        "resolved": "7.1.0",
        "contentHash": "rWunOb6Dby0lcI82PohARcRbF+4x4wNKxnKRSHXhuwZMu8/cCS68DCfhceq4bv1gUEfoL5dWXHYnfxVvLQUN+Q=="
      },
      "Microsoft.Extensions.Caching.Abstractions": {
        "type": "Transitive",
        "resolved": "9.0.18",
        "contentHash": "Y8PnPKq+ASBazn0QA5d98/dWT0MAfv9CJYV6zPZ/TisZpAUe5zWgKldJLXkrmUuIzvUpQS7/SF7+1dld3OP/EQ==",
        "dependencies": {
          "Microsoft.Extensions.Primitives": "9.0.18"
        }
      },
      "Microsoft.Extensions.Caching.Memory": {
        "type": "Transitive",
        "resolved": "9.0.18",
        "contentHash": "ZQ+x93CRR8DOGT+YPP4YXvwTAJ0MfvAghs5cwCSvtZFiORSfprAw9f67d0QDhf6PCIYyFsMKFB+PI3p9lpiMUQ==",
        "dependencies": {
          "Microsoft.Extensions.Caching.Abstractions": "9.0.18",
          "Microsoft.Extensions.DependencyInjection.Abstractions": "9.0.18",
          "Microsoft.Extensions.Logging.Abstractions": "9.0.18",
          "Microsoft.Extensions.Options": "9.0.18",
          "Microsoft.Extensions.Primitives": "9.0.18"
        }
      },
      "Microsoft.Extensions.DependencyInjection.Abstractions": {
        "type": "Transitive",
        "resolved": "10.0.0",
        "contentHash": "L3AdmZ1WOK4XXT5YFPEwyt0ep6l8lGIPs7F5OOBZc77Zqeo01Of7XXICy47628sdVl0v/owxYJTe86DTgFwKCA=="
      },
      "Microsoft.Extensions.Options": {
        "type": "Transitive",
        "resolved": "9.0.18",
        "contentHash": "HiA/R0jGR10TGuR6coM8KMUdJ5YlP3bhGxqEdGLkxFdBV1EFNdZMAajSEZHwkex4X/iMQwRCQVotqpElcxOImg==",
        "dependencies": {
          "Microsoft.Extensions.DependencyInjection.Abstractions": "9.0.18",
          "Microsoft.Extensions.Primitives": "9.0.18"
        }
      },
      "Microsoft.Extensions.Primitives": {
        "type": "Transitive",
        "resolved": "9.0.18",
        "contentHash": "hfHudMC5zDlwMrC0HiHOJesSHMvM+CdqjomjcV/YVzFq5dfSpBRvyRLm1n1Bfh41ZpQnyJzqX+YEo95BAmcDAQ=="
      },
      "Microsoft.IdentityModel.Abstractions": {
        "type": "Transitive",
        "resolved": "8.16.0",
        "contentHash": "gSxKLWRZzBpIsEoeUPkxfywNCCvRvl7hkq146XHPk5vOQc9izSf1I+uL1vh4y2U19QPxd9Z8K/8AdWyxYz2lSg=="
      },
      "Microsoft.IdentityModel.JsonWebTokens": {
        "type": "Transitive",
        "resolved": "8.16.0",
        "contentHash": "prBU72cIP4V8E9fhN+o/YdskTsLeIcnKPbhZf0X6mD7fdxoZqnS/NdEkSr+9Zp+2q7OZBOMfNBKGbTbhXODO4w==",
        "dependencies": {
          "Microsoft.IdentityModel.Tokens": "8.16.0"
        }
      },
      "Microsoft.IdentityModel.Logging": {
        "type": "Transitive",
        "resolved": "8.16.0",
        "contentHash": "MTzXmETkNQPACR7/XCXM1OGM6oU9RkyibqeJRtO9Ndew2LnGjMf9Atqj2VSf4XC27X0FQycUAlzxxEgQMWn2xQ==",
        "dependencies": {
          "Microsoft.IdentityModel.Abstractions": "8.16.0"
        }
      },
      "Microsoft.IdentityModel.Protocols": {
        "type": "Transitive",
        "resolved": "8.16.0",
        "contentHash": "UFrU7d46UTsPQTa2HIEIpB9H1uJe1BW9FLw5uhEJ2ZuKdur8bcUA/bO5caq5dlBt5gNJeRIB3QQXYNs5fCQCZA==",
        "dependencies": {
          "Microsoft.IdentityModel.Tokens": "8.16.0"
        }
      },
      "Microsoft.IdentityModel.Protocols.OpenIdConnect": {
        "type": "Transitive",
        "resolved": "8.16.0",
        "contentHash": "h4yVXyJsEBBX5lg2G5ftMsi5JzcNEGAzrNphA6DQ6eOd8P0s+cDCOyPwVTYLePZvJL5unbPvYIvzrbTXzFjXnQ==",
        "dependencies": {
          "Microsoft.IdentityModel.Protocols": "8.16.0",
          "System.IdentityModel.Tokens.Jwt": "8.16.0"
        }
      },
      "Microsoft.IdentityModel.Tokens": {
        "type": "Transitive",
        "resolved": "8.16.0",
        "contentHash": "rtViGJcGsN7WcfUNErwNeQgjuU5cJNl6FDQsfi9TncwO+Epzn0FTfBsg3YuFW1Q0Ch/KPxaVdjLw3/+5Z5ceFQ==",
        "dependencies": {
          "Microsoft.Extensions.Logging.Abstractions": "10.0.0",
          "Microsoft.IdentityModel.Logging": "8.16.0"
        }
      },
      "Microsoft.SqlServer.Server": {
        "type": "Transitive",
        "resolved": "1.0.0",
        "contentHash": "N4KeF3cpcm1PUHym1RmakkzfkEv3GRMyofVv40uXsQhCQeglr2OHNcUk2WOG51AKpGO8ynGpo9M/kFXSzghwug=="
      },
      "Microsoft.TestPlatform.ObjectModel": {
        "type": "Transitive",
        "resolved": "17.14.1",
        "contentHash": "xTP1W6Mi6SWmuxd3a+jj9G9UoC850WGwZUps1Wah9r1ZxgXhdJfj1QqDLJkFjHDCvN42qDL2Ps5KjQYWUU0zcQ=="
      },
      "Microsoft.TestPlatform.TestHost": {
        "type": "Transitive",
        "resolved": "17.14.1",
        "contentHash": "d78LPzGKkJwsJXAQwsbJJ7LE7D1wB+rAyhHHAaODF+RDSQ0NgMjDFkSA1Djw18VrxO76GlKAjRUhl+H8NL8Z+Q==",
        "dependencies": {
          "Microsoft.TestPlatform.ObjectModel": "17.14.1",
          "Newtonsoft.Json": "13.0.3"
        }
      },
      "Newtonsoft.Json": {
        "type": "Transitive",
        "resolved": "13.0.3",
        "contentHash": "HrC5BXdl00IP9zeV+0Z848QWPAoCr9P3bDEZguI+gkLcBKAOxix/tLEAAHC+UvDNPv4a2d18lOReHMOagPa+zQ=="
      },
      "System.Configuration.ConfigurationManager": {
        "type": "Transitive",
        "resolved": "9.0.18",
        "contentHash": "/1q0MHB2xKyTFRC5tk+oL3Ahi+QK0UPI6Qk6Xc5z5BW6otR2T9wwWmEW/LZX98cq7UOmu+7sZ5HNwuq61zrNtg==",
        "dependencies": {
          "System.Diagnostics.EventLog": "9.0.18",
          "System.Security.Cryptography.ProtectedData": "9.0.18"
        }
      },
      "System.Diagnostics.EventLog": {
        "type": "Transitive",
        "resolved": "9.0.18",
        "contentHash": "4f3CBS22A2Y+M+shvdYzeWaEPYycZ3IaouaH+NxGLW6xoFahR1+L+YM8bt8NI3TQRZbqPBp/myt+6+JXc+IhRg=="
      },
      "System.IdentityModel.Tokens.Jwt": {
        "type": "Transitive",
        "resolved": "8.16.0",
        "contentHash": "rrs2u7DRMXQG2yh0oVyF/vLwosfRv20Ld2iEpYcKwQWXHjfV+gFXNQsQ9p008kR9Ou4pxBs68Q6/9zC8Gi1wjg==",
        "dependencies": {
          "Microsoft.IdentityModel.JsonWebTokens": "8.16.0",
          "Microsoft.IdentityModel.Tokens": "8.16.0"
        }
      },
      "System.Security.Cryptography.Pkcs": {
        "type": "Transitive",
        "resolved": "9.0.18",
        "contentHash": "NKMKhUdLGNZryY9GXXTF5dXyP6S37EYXhiA2JYvwshJbd4DRq07IOS9it8Opi9atadvv5rlNkD76Mio+5Oo2aQ=="
      },
      "System.Security.Cryptography.ProtectedData": {
        "type": "Transitive",
        "resolved": "9.0.18",
        "contentHash": "1/iz9Eex1TBMYdAk+m3igaMvL+nk+rY1EqL6u93an/j1ghxmB24vGOKXkVFy3NSPA39s1H/+SNoK257tHoXoLA=="
      },
      "System.Threading.RateLimiting": {
        "type": "Transitive",
        "resolved": "9.0.18",
        "contentHash": "pxuHw/tQXaHMRXEaKzzgpoGO8VeTPIzHbnp0KclXp6js5wPHn7VaqSCa8yRTAsZDcZ2XuIEnXGM2MbRDJFLBog=="
      },
      "xunit.abstractions": {
        "type": "Transitive",
        "resolved": "2.0.3",
        "contentHash": "pot1I4YOxlWjIb5jmwvvQNbTrZ3lJQ+jUGkGjWE3hEFM0l5gOnBWS+H3qsex68s5cO52g+44vpGzhAt+42vwKg=="
      },
      "xunit.analyzers": {
        "type": "Transitive",
        "resolved": "1.18.0",
        "contentHash": "OtFMHN8yqIcYP9wcVIgJrq01AfTxijjAqVDy/WeQVSyrDC1RzBWeQPztL49DN2syXRah8TYnfvk035s7L95EZQ=="
      },
      "xunit.assert": {
        "type": "Transitive",
        "resolved": "2.9.3",
        "contentHash": "/Kq28fCE7MjOV42YLVRAJzRF0WmEqsmflm0cfpMjGtzQ2lR5mYVj1/i0Y8uDAOLczkL3/jArrwehfMD0YogMAA=="
      },
      "xunit.core": {
        "type": "Transitive",
        "resolved": "2.9.3",
        "contentHash": "BiAEvqGvyme19wE0wTKdADH+NloYqikiU0mcnmiNyXaF9HyHmE6sr/3DC5vnBkgsWaE6yPyWszKSPSApWdRVeQ==",
        "dependencies": {
          "xunit.extensibility.core": "[2.9.3]",
          "xunit.extensibility.execution": "[2.9.3]"
        }
      },
      "xunit.extensibility.core": {
        "type": "Transitive",
        "resolved": "2.9.3",
        "contentHash": "kf3si0YTn2a8J8eZNb+zFpwfoyvIrQ7ivNk5ZYA5yuYk1bEtMe4DxJ2CF/qsRgmEnDr7MnW1mxylBaHTZ4qErA==",
        "dependencies": {
          "xunit.abstractions": "2.0.3"
        }
      },
      "xunit.extensibility.execution": {
        "type": "Transitive",
        "resolved": "2.9.3",
        "contentHash": "yMb6vMESlSrE3Wfj7V6cjQ3S4TXdXpRqYeNEI3zsX31uTsGMJjEw6oD5F5u1cHnMptjhEECnmZSsPxB6ChZHDQ==",
        "dependencies": {
          "xunit.extensibility.core": "[2.9.3]"
        }
      },
      "replicera.core": {
        "type": "Project",
        "dependencies": {
          "Microsoft.Extensions.Logging.Abstractions": "[10.0.0, )"
        }
      },
      "replicera.provider.sqlserver": {
        "type": "Project",
        "dependencies": {
          "Microsoft.Data.SqlClient": "[7.1.0, )",
          "Replicera.Core": "[1.0.0, )"
        }
      },
      "Microsoft.Data.SqlClient": {
        "type": "CentralTransitive",
        "requested": "[7.1.0, )",
        "resolved": "7.1.0",
        "contentHash": "yKPkjufNvrX5VDv49XHaGbUNPL4kDx9ALCrqDhYu+ThFQxjM8zGMzYxPv9iiwRU0ZL3vhgq0F2KEeoV3PT2utQ==",
        "dependencies": {
          "Microsoft.Bcl.Cryptography": "9.0.18",
          "Microsoft.Data.SqlClient.Extensions.Abstractions": "[7.1.0, 8.0.0)",
          "Microsoft.Data.SqlClient.Internal.Logging": "[7.1.0, 8.0.0)",
          "Microsoft.Data.SqlClient.SNI.runtime": "[7.1.0, 8.0.0)",
          "Microsoft.Extensions.Caching.Memory": "9.0.18",
          "Microsoft.IdentityModel.JsonWebTokens": "8.16.0",
          "Microsoft.IdentityModel.Protocols.OpenIdConnect": "8.16.0",
          "Microsoft.SqlServer.Server": "[1.0.0, 2.0.0)",
          "System.Configuration.ConfigurationManager": "9.0.18",
          "System.Security.Cryptography.Pkcs": "9.0.18",
          "System.Threading.RateLimiting": "9.0.18"
        }
      },
      "Microsoft.Extensions.Logging.Abstractions": {
        "type": "CentralTransitive",
        "requested": "[10.0.0, )",
        "resolved": "10.0.0",
        "contentHash": "FU/IfjDfwaMuKr414SSQNTIti/69bHEMb+QKrskRb26oVqpx3lNFXMjs/RC9ZUuhBhcwDM2BwOgoMw+PZ+beqQ==",
        "dependencies": {
          "Microsoft.Extensions.DependencyInjection.Abstractions": "10.0.0"
        }
      }
    }
  }
}